hash: 02f269232220b667b757e8d452d1c30a6b9845e2ea51bfd1ce94eac7462ba0a3
updated: 2018-08-13T22:22:22.735034095+02:00
imports:
- name: github.com/awalterschulze/gographviz
  version: 49969fe6eded40a16118a63c7742990e5808308e
  subpackages:
  - ast
  - internal/errors
  - internal/lexer
  - internal/parser
  - internal/token
- name: github.com/jessevdk/go-flags
  version: 1679536dcc895411a9f5848d9a0250be7856448c
testImports: []
